Microsoft Visual Studio Solution File, Format Version 11.00
# Visual Studio 2008

Project("{DC274CC2-290E-A3B4-9835-6AB89E6DBF24}") = "gameDevProject", "Assembly-CSharp-firstpass.csproj", "{A76CBC5E-3637-DFC5-321A-E149F93C1383}"
EndProject
Project("{DC274CC2-290E-A3B4-9835-6AB89E6DBF24}") = "gameDevProject", "Assembly-CSharp.csproj", "{0ADFF061-E0FE-4F94-8EBE-F8A523B67971}"
EndProject
Global
	GlobalSection(SolutionConfigurationPlatforms) = preSolution
		Debug|Any CPU = Debug|Any CPU
		Release|Any CPU = Release|Any CPU
	EndGlobalSection
	GlobalSection(ProjectConfigurationPlatforms) = postSolution
		{A76CBC5E-3637-DFC5-321A-E149F93C1383}.Debug|Any CPU.ActiveCfg = Debug|Any CPU
		{A76CBC5E-3637-DFC5-321A-E149F93C1383}.Debug|Any CPU.Build.0 = Debug|Any CPU
		{A76CBC5E-3637-DFC5-321A-E149F93C1383}.Release|Any CPU.ActiveCfg = Release|Any CPU
		{A76CBC5E-3637-DFC5-321A-E149F93C1383}.Release|Any CPU.Build.0 = Release|Any CPU
		{0ADFF061-E0FE-4F94-8EBE-F8A523B67971}.Debug|Any CPU.ActiveCfg = Debug|Any CPU
		{0ADFF061-E0FE-4F94-8EBE-F8A523B67971}.Debug|Any CPU.Build.0 = Debug|Any CPU
		{0ADFF061-E0FE-4F94-8EBE-F8A523B67971}.Release|Any CPU.ActiveCfg = Release|Any CPU
		{0ADFF061-E0FE-4F94-8EBE-F8A523B67971}.Release|Any CPU.Build.0 = Release|Any CPU
	EndGlobalSection
	GlobalSection(SolutionProperties) = preSolution
		HideSolutionNode = FALSE
	EndGlobalSection
	GlobalSection(MonoDevelopProperties) = preSolution
		StartupItem = Assembly-CSharp.csproj
	EndGlobalSection
EndGlobal
